
Microsoft Visual Studio Solution File, Format Version 12.00
# Visual Studio 2012
Project("{FAE04EC0-301F-11D3-BF4B-00C04F79EFBC}") = "QloudSyncCoreWIN", "QloudSyncCore\QloudSyncCoreWIN.csproj", "{2039E95A-5F46-43E1-BA58-B33C73972B0E}"
EndProject
Project("{FAE04EC0-301F-11D3-BF4B-00C04F79EFBC}") = "QloudSyncWIN", "QloudSyncWIN\QloudSyncWIN.csproj", "{80CD83D2-DD03-42DD-B530-C84669653183}"
EndProject
Global
	GlobalSection(SolutionConfigurationPlatforms) = preSolution
		CD_ROM|Any CPU = CD_ROM|Any CPU
		CD_ROM|Mixed Platforms = CD_ROM|Mixed Platforms
		Debug|Any CPU = Debug|Any CPU
		Debug|Mixed Platforms = Debug|Mixed Platforms
		Default|Any CPU = Default|Any CPU
		Default|Mixed Platforms = Default|Mixed Platforms
		DVD-5|Any CPU = DVD-5|Any CPU
		DVD-5|Mixed Platforms = DVD-5|Mixed Platforms
		Release|Any CPU = Release|Any CPU
		Release|Mixed Platforms = Release|Mixed Platforms
		SingleImage|Any CPU = SingleImage|Any CPU
		SingleImage|Mixed Platforms = SingleImage|Mixed Platforms
	EndGlobalSection
	GlobalSection(ProjectConfigurationPlatforms) = postSolution
		{2039E95A-5F46-43E1-BA58-B33C73972B0E}.CD_ROM|Any CPU.ActiveCfg = Release|Any CPU
		{2039E95A-5F46-43E1-BA58-B33C73972B0E}.CD_ROM|Any CPU.Build.0 = Release|Any CPU
		{2039E95A-5F46-43E1-BA58-B33C73972B0E}.CD_ROM|Mixed Platforms.ActiveCfg = Release|Any CPU
		{2039E95A-5F46-43E1-BA58-B33C73972B0E}.CD_ROM|Mixed Platforms.Build.0 = Release|Any CPU
		{2039E95A-5F46-43E1-BA58-B33C73972B0E}.Debug|Any CPU.ActiveCfg = Debug|Any CPU
		{2039E95A-5F46-43E1-BA58-B33C73972B0E}.Debug|Any CPU.Build.0 = Debug|Any CPU
		{2039E95A-5F46-43E1-BA58-B33C73972B0E}.Debug|Mixed Platforms.ActiveCfg = Debug|Any CPU
		{2039E95A-5F46-43E1-BA58-B33C73972B0E}.Debug|Mixed Platforms.Build.0 = Debug|Any CPU
		{2039E95A-5F46-43E1-BA58-B33C73972B0E}.Default|Any CPU.ActiveCfg = Release|Any CPU
		{2039E95A-5F46-43E1-BA58-B33C73972B0E}.Default|Any CPU.Build.0 = Release|Any CPU
		{2039E95A-5F46-43E1-BA58-B33C73972B0E}.Default|Mixed Platforms.ActiveCfg = Debug|Any CPU
		{2039E95A-5F46-43E1-BA58-B33C73972B0E}.Default|Mixed Platforms.Build.0 = Debug|Any CPU
		{2039E95A-5F46-43E1-BA58-B33C73972B0E}.DVD-5|Any CPU.ActiveCfg = Debug|Any CPU
		{2039E95A-5F46-43E1-BA58-B33C73972B0E}.DVD-5|Any CPU.Build.0 = Debug|Any CPU
		{2039E95A-5F46-43E1-BA58-B33C73972B0E}.DVD-5|Mixed Platforms.ActiveCfg = Debug|Any CPU
		{2039E95A-5F46-43E1-BA58-B33C73972B0E}.DVD-5|Mixed Platforms.Build.0 = Debug|Any CPU
		{2039E95A-5F46-43E1-BA58-B33C73972B0E}.Release|Any CPU.ActiveCfg = Release|Any CPU
		{2039E95A-5F46-43E1-BA58-B33C73972B0E}.Release|Any CPU.Build.0 = Release|Any CPU
		{2039E95A-5F46-43E1-BA58-B33C73972B0E}.Release|Mixed Platforms.ActiveCfg = Release|Any CPU
		{2039E95A-5F46-43E1-BA58-B33C73972B0E}.Release|Mixed Platforms.Build.0 = Release|Any CPU
		{2039E95A-5F46-43E1-BA58-B33C73972B0E}.SingleImage|Any CPU.ActiveCfg = Release|Any CPU
		{2039E95A-5F46-43E1-BA58-B33C73972B0E}.SingleImage|Any CPU.Build.0 = Release|Any CPU
		{2039E95A-5F46-43E1-BA58-B33C73972B0E}.SingleImage|Mixed Platforms.ActiveCfg = Release|Any CPU
		{2039E95A-5F46-43E1-BA58-B33C73972B0E}.SingleImage|Mixed Platforms.Build.0 = Release|Any CPU
		{80CD83D2-DD03-42DD-B530-C84669653183}.CD_ROM|Any CPU.ActiveCfg = Release|x86
		{80CD83D2-DD03-42DD-B530-C84669653183}.CD_ROM|Mixed Platforms.ActiveCfg = Release|x86
		{80CD83D2-DD03-42DD-B530-C84669653183}.CD_ROM|Mixed Platforms.Build.0 = Release|x86
		{80CD83D2-DD03-42DD-B530-C84669653183}.Debug|Any CPU.ActiveCfg = Debug|x86
		{80CD83D2-DD03-42DD-B530-C84669653183}.Debug|Mixed Platforms.ActiveCfg = Debug|x86
		{80CD83D2-DD03-42DD-B530-C84669653183}.Debug|Mixed Platforms.Build.0 = Debug|x86
		{80CD83D2-DD03-42DD-B530-C84669653183}.Default|Any CPU.ActiveCfg = Debug|x86
		{80CD83D2-DD03-42DD-B530-C84669653183}.Default|Mixed Platforms.ActiveCfg = Debug|x86
		{80CD83D2-DD03-42DD-B530-C84669653183}.Default|Mixed Platforms.Build.0 = Debug|x86
		{80CD83D2-DD03-42DD-B530-C84669653183}.DVD-5|Any CPU.ActiveCfg = Debug|x86
		{80CD83D2-DD03-42DD-B530-C84669653183}.DVD-5|Mixed Platforms.ActiveCfg = Debug|x86
		{80CD83D2-DD03-42DD-B530-C84669653183}.DVD-5|Mixed Platforms.Build.0 = Debug|x86
		{80CD83D2-DD03-42DD-B530-C84669653183}.Release|Any CPU.ActiveCfg = Release|x86
		{80CD83D2-DD03-42DD-B530-C84669653183}.Release|Mixed Platforms.ActiveCfg = Release|x86
		{80CD83D2-DD03-42DD-B530-C84669653183}.Release|Mixed Platforms.Build.0 = Release|x86
		{80CD83D2-DD03-42DD-B530-C84669653183}.SingleImage|Any CPU.ActiveCfg = Release|x86
		{80CD83D2-DD03-42DD-B530-C84669653183}.SingleImage|Mixed Platforms.ActiveCfg = Release|x86
		{80CD83D2-DD03-42DD-B530-C84669653183}.SingleImage|Mixed Platforms.Build.0 = Release|x86
	EndGlobalSection
	GlobalSection(SolutionProperties) = preSolution
		HideSolutionNode = FALSE
	EndGlobalSection
	GlobalSection(MonoDevelopProperties) = preSolution
		StartupItem = QloudSyncWIN\QloudSyncWIN.csproj
		Policies = $0
		$0.DotNetNamingPolicy = $1
		$1.DirectoryNamespaceAssociation = None
		$1.ResourceNamePolicy = FileFormatDefault
		$0.TextStylePolicy = $4
		$2.inheritsSet = null
		$2.scope = text/x-csharp
		$0.CSharpFormattingPolicy = $3
		$3.inheritsSet = Mono
		$3.inheritsScope = text/x-csharp
		$3.scope = text/x-csharp
		$4.FileWidth = 120
		$4.inheritsSet = VisualStudio
		$4.inheritsScope = text/plain
		$4.scope = text/plain
		$0.StandardHeader = $5
		$5.Text = 
		$5.IncludeInNewFiles = True
		version = 
	EndGlobalSection
EndGlobal
